
Microsoft Visual Studio Solution File, Format Version 11.00
# Visual Studio 2010
Project("{FAE04EC0-301F-11D3-BF4B-00C04F79EFBC}") = "Assembly-CSharp", "Assembly-CSharp.csproj", "{7A197D79-497F-8797-4158-C8D005132736}"
EndProject
Project("{FAE04EC0-301F-11D3-BF4B-00C04F79EFBC}") = "Assembly-CSharp-Editor", "Assembly-CSharp-Editor.csproj", "{EA58DE2B-C06D-2070-D374-096A4D3AB3B0}"
EndProject
Global
	GlobalSection(SolutionConfigurationPlatforms) = preSolution
		Debug|Any CPU = Debug|Any CPU
		Release|Any CPU = Release|Any CPU
	EndGlobalSection
	GlobalSection(ProjectConfigurationPlatforms) = postSolution
		{7A197D79-497F-8797-4158-C8D005132736}.Debug|Any CPU.ActiveCfg = Debug|Any CPU
		{7A197D79-497F-8797-4158-C8D005132736}.Debug|Any CPU.Build.0 = Debug|Any CPU
		{7A197D79-497F-8797-4158-C8D005132736}.Release|Any CPU.ActiveCfg = Release|Any CPU
		{7A197D79-497F-8797-4158-C8D005132736}.Release|Any CPU.Build.0 = Release|Any CPU
		{EA58DE2B-C06D-2070-D374-096A4D3AB3B0}.Debug|Any CPU.ActiveCfg = Debug|Any CPU
		{EA58DE2B-C06D-2070-D374-096A4D3AB3B0}.Debug|Any CPU.Build.0 = Debug|Any CPU
		{EA58DE2B-C06D-2070-D374-096A4D3AB3B0}.Release|Any CPU.ActiveCfg = Release|Any CPU
		{EA58DE2B-C06D-2070-D374-096A4D3AB3B0}.Release|Any CPU.Build.0 = Release|Any CPU
	EndGlobalSection
	GlobalSection(SolutionProperties) = preSolution
		HideSolutionNode = FALSE
	EndGlobalSection
EndGlobal
